
Microsoft Visual Studio Solution File, Format Version 12.00
# Visual Studio Version 17
VisualStudioVersion = 17.10.34916.146
MinimumVisualStudioVersion = 10.0.40219.1
Project("{9A19103F-16F7-4668-BE54-9A1E7A4F7556}") = "tallerrecuperaciondawa", "tallerrecuperaciondawa\tallerrecuperaciondawa.csproj", "{36E8A1AD-B203-4A0D-8243-126E5B1A7978}"
EndProject
Project("{FAE04EC0-301F-11D3-BF4B-00C04F79EFBC}") = "Apirecuperacion", "Apirecuperacion\Apirecuperacion.csproj", "{F6A20691-BADD-4994-8E41-34D18191EC55}"
EndProject
Global
	GlobalSection(SolutionConfigurationPlatforms) = preSolution
		Debug|Any CPU = Debug|Any CPU
		Release|Any CPU = Release|Any CPU
	EndGlobalSection
	GlobalSection(ProjectConfigurationPlatforms) = postSolution
		{36E8A1AD-B203-4A0D-8243-126E5B1A7978}.Debug|Any CPU.ActiveCfg = Debug|Any CPU
		{36E8A1AD-B203-4A0D-8243-126E5B1A7978}.Debug|Any CPU.Build.0 = Debug|Any CPU
		{36E8A1AD-B203-4A0D-8243-126E5B1A7978}.Release|Any CPU.ActiveCfg = Release|Any CPU
		{36E8A1AD-B203-4A0D-8243-126E5B1A7978}.Release|Any CPU.Build.0 = Release|Any CPU
		{F6A20691-BADD-4994-8E41-34D18191EC55}.Debug|Any CPU.ActiveCfg = Debug|Any CPU
		{F6A20691-BADD-4994-8E41-34D18191EC55}.Debug|Any CPU.Build.0 = Debug|Any CPU
		{F6A20691-BADD-4994-8E41-34D18191EC55}.Release|Any CPU.ActiveCfg = Release|Any CPU
		{F6A20691-BADD-4994-8E41-34D18191EC55}.Release|Any CPU.Build.0 = Release|Any CPU
	EndGlobalSection
	GlobalSection(SolutionProperties) = preSolution
		HideSolutionNode = FALSE
	EndGlobalSection
	GlobalSection(ExtensibilityGlobals) = postSolution
		SolutionGuid = {80CE6713-2AEA-4E5B-A6F0-0A658BC4CAC5}
	EndGlobalSection
EndGlobal
